
Microsoft Visual Studio Solution File, Format Version 12.00
# Visual Studio 15
VisualStudioVersion = 15.0.28307.1209
MinimumVisualStudioVersion = 10.0.40219.1
Project("{8BC9CEB8-8B4A-11D0-8D11-00A0C91BC942}") = "TREE", "TREE\TREE.vcxproj", "{F2D2CB2E-BC60-4BE5-A2F6-15FA4464C9E9}"
EndProject
Project("{8BC9CEB8-8B4A-11D0-8D11-00A0C91BC942}") = "Tree Link", "Tree Link\Tree Link.vcxproj", "{88DF9737-6202-4CF5-9B6A-ACF5038FE608}"
EndProject
Project("{8BC9CEB8-8B4A-11D0-8D11-00A0C91BC942}") = "thread_binary", "thread_binary\thread_binary.vcxproj", "{BBFFDC6D-F163-4409-AA66-C3C09892B924}"
EndProject
Project("{8BC9CEB8-8B4A-11D0-8D11-00A0C91BC942}") = "thread_binary++", "thread_binary++\thread_binary++.vcxproj", "{86D10473-C14F-489F-9F7D-806D7D530AD4}"
EndProject
Project("{8BC9CEB8-8B4A-11D0-8D11-00A0C91BC942}") = "Find_Public Node", "leetcode_exercise\Find_Public Node\Find_Public Node.vcxproj", "{FFA4F3A6-BBB5-4B1D-940D-81EA4C4C70FE}"
EndProject
Project("{8BC9CEB8-8B4A-11D0-8D11-00A0C91BC942}") = "Flat Tree to List", "Flat Tree to List\Flat Tree to List.vcxproj", "{BBC3761D-8B6A-4645-8DD1-3065F736A910}"
EndProject
Project("{8BC9CEB8-8B4A-11D0-8D11-00A0C91BC942}") = "Huffman_String", "Huffman\Huffman.vcxproj", "{5B8464DD-FA7C-4D72-B585-F5A385E1861A}"
EndProject
Project("{8BC9CEB8-8B4A-11D0-8D11-00A0C91BC942}") = "Huffman_CharArray", "HuffmanWeb\HuffmanWeb.vcxproj", "{4D30F2D5-67F1-4072-8B9C-7649B07EBB28}"
EndProject
Project("{8BC9CEB8-8B4A-11D0-8D11-00A0C91BC942}") = "CMP", "CMP\CMP.vcxproj", "{8EA1DD9E-93A2-4610-978A-9587415BE1AD}"
EndProject
Project("{8BC9CEB8-8B4A-11D0-8D11-00A0C91BC942}") = "GetTreeHeight", "GetTreeHeight\GetTreeHeight.vcxproj", "{6BD286F1-1AA4-49D1-ABC4-65318A81F39E}"
EndProject
Project("{8BC9CEB8-8B4A-11D0-8D11-00A0C91BC942}") = "Transverse", "Transverse\Transverse.vcxproj", "{2D192ED1-0F83-4491-81D9-F8A4F687EE69}"
EndProject
Project("{8BC9CEB8-8B4A-11D0-8D11-00A0C91BC942}") = "ChangeLeftRightSubTree", "ChangeLeftRightSubTree\ChangeLeftRightSubTree.vcxproj", "{93A5C6AE-57B8-4CBC-B154-CE5F4C2D2218}"
EndProject
Project("{8BC9CEB8-8B4A-11D0-8D11-00A0C91BC942}") = "DoubleTranverse", "DoubleTranverse\DoubleTranverse.vcxproj", "{D121DB06-829C-497E-BF5E-02AA627F187A}"
EndProject
Project("{8BC9CEB8-8B4A-11D0-8D11-00A0C91BC942}") = "MaxWidth_FloorTranverse", "MaxWidth_FloorTranverse\MaxWidth_FloorTranverse.vcxproj", "{F85231DA-EEC6-429E-B1A1-88EE77693EF5}"
EndProject
Global
	GlobalSection(SolutionConfigurationPlatforms) = preSolution
		Debug|x64 = Debug|x64
		Debug|x86 = Debug|x86
		Release|x64 = Release|x64
		Release|x86 = Release|x86
	EndGlobalSection
	GlobalSection(ProjectConfigurationPlatforms) = postSolution
		{F2D2CB2E-BC60-4BE5-A2F6-15FA4464C9E9}.Debug|x64.ActiveCfg = Debug|x64
		{F2D2CB2E-BC60-4BE5-A2F6-15FA4464C9E9}.Debug|x64.Build.0 = Debug|x64
		{F2D2CB2E-BC60-4BE5-A2F6-15FA4464C9E9}.Debug|x86.ActiveCfg = Debug|Win32
		{F2D2CB2E-BC60-4BE5-A2F6-15FA4464C9E9}.Debug|x86.Build.0 = Debug|Win32
		{F2D2CB2E-BC60-4BE5-A2F6-15FA4464C9E9}.Release|x64.ActiveCfg = Release|x64
		{F2D2CB2E-BC60-4BE5-A2F6-15FA4464C9E9}.Release|x64.Build.0 = Release|x64
		{F2D2CB2E-BC60-4BE5-A2F6-15FA4464C9E9}.Release|x86.ActiveCfg = Release|Win32
		{F2D2CB2E-BC60-4BE5-A2F6-15FA4464C9E9}.Release|x86.Build.0 = Release|Win32
		{88DF9737-6202-4CF5-9B6A-ACF5038FE608}.Debug|x64.ActiveCfg = Debug|x64
		{88DF9737-6202-4CF5-9B6A-ACF5038FE608}.Debug|x64.Build.0 = Debug|x64
		{88DF9737-6202-4CF5-9B6A-ACF5038FE608}.Debug|x86.ActiveCfg = Debug|Win32
		{88DF9737-6202-4CF5-9B6A-ACF5038FE608}.Debug|x86.Build.0 = Debug|Win32
		{88DF9737-6202-4CF5-9B6A-ACF5038FE608}.Release|x64.ActiveCfg = Release|x64
		{88DF9737-6202-4CF5-9B6A-ACF5038FE608}.Release|x64.Build.0 = Release|x64
		{88DF9737-6202-4CF5-9B6A-ACF5038FE608}.Release|x86.ActiveCfg = Release|Win32
		{88DF9737-6202-4CF5-9B6A-ACF5038FE608}.Release|x86.Build.0 = Release|Win32
		{BBFFDC6D-F163-4409-AA66-C3C09892B924}.Debug|x64.ActiveCfg = Debug|x64
		{BBFFDC6D-F163-4409-AA66-C3C09892B924}.Debug|x64.Build.0 = Debug|x64
		{BBFFDC6D-F163-4409-AA66-C3C09892B924}.Debug|x86.ActiveCfg = Debug|Win32
		{BBFFDC6D-F163-4409-AA66-C3C09892B924}.Debug|x86.Build.0 = Debug|Win32
		{BBFFDC6D-F163-4409-AA66-C3C09892B924}.Release|x64.ActiveCfg = Release|x64
		{BBFFDC6D-F163-4409-AA66-C3C09892B924}.Release|x64.Build.0 = Release|x64
		{BBFFDC6D-F163-4409-AA66-C3C09892B924}.Release|x86.ActiveCfg = Release|Win32
		{BBFFDC6D-F163-4409-AA66-C3C09892B924}.Release|x86.Build.0 = Release|Win32
		{86D10473-C14F-489F-9F7D-806D7D530AD4}.Debug|x64.ActiveCfg = Debug|x64
		{86D10473-C14F-489F-9F7D-806D7D530AD4}.Debug|x64.Build.0 = Debug|x64
		{86D10473-C14F-489F-9F7D-806D7D530AD4}.Debug|x86.ActiveCfg = Debug|Win32
		{86D10473-C14F-489F-9F7D-806D7D530AD4}.Debug|x86.Build.0 = Debug|Win32
		{86D10473-C14F-489F-9F7D-806D7D530AD4}.Release|x64.ActiveCfg = Release|x64
		{86D10473-C14F-489F-9F7D-806D7D530AD4}.Release|x64.Build.0 = Release|x64
		{86D10473-C14F-489F-9F7D-806D7D530AD4}.Release|x86.ActiveCfg = Release|Win32
		{86D10473-C14F-489F-9F7D-806D7D530AD4}.Release|x86.Build.0 = Release|Win32
		{FFA4F3A6-BBB5-4B1D-940D-81EA4C4C70FE}.Debug|x64.ActiveCfg = Debug|x64
		{FFA4F3A6-BBB5-4B1D-940D-81EA4C4C70FE}.Debug|x64.Build.0 = Debug|x64
		{FFA4F3A6-BBB5-4B1D-940D-81EA4C4C70FE}.Debug|x86.ActiveCfg = Debug|Win32
		{FFA4F3A6-BBB5-4B1D-940D-81EA4C4C70FE}.Debug|x86.Build.0 = Debug|Win32
		{FFA4F3A6-BBB5-4B1D-940D-81EA4C4C70FE}.Release|x64.ActiveCfg = Release|x64
		{FFA4F3A6-BBB5-4B1D-940D-81EA4C4C70FE}.Release|x64.Build.0 = Release|x64
		{FFA4F3A6-BBB5-4B1D-940D-81EA4C4C70FE}.Release|x86.ActiveCfg = Release|Win32
		{FFA4F3A6-BBB5-4B1D-940D-81EA4C4C70FE}.Release|x86.Build.0 = Release|Win32
		{BBC3761D-8B6A-4645-8DD1-3065F736A910}.Debug|x64.ActiveCfg = Debug|x64
		{BBC3761D-8B6A-4645-8DD1-3065F736A910}.Debug|x64.Build.0 = Debug|x64
		{BBC3761D-8B6A-4645-8DD1-3065F736A910}.Debug|x86.ActiveCfg = Debug|Win32
		{BBC3761D-8B6A-4645-8DD1-3065F736A910}.Debug|x86.Build.0 = Debug|Win32
		{BBC3761D-8B6A-4645-8DD1-3065F736A910}.Release|x64.ActiveCfg = Release|x64
		{BBC3761D-8B6A-4645-8DD1-3065F736A910}.Release|x64.Build.0 = Release|x64
		{BBC3761D-8B6A-4645-8DD1-3065F736A910}.Release|x86.ActiveCfg = Release|Win32
		{BBC3761D-8B6A-4645-8DD1-3065F736A910}.Release|x86.Build.0 = Release|Win32
		{5B8464DD-FA7C-4D72-B585-F5A385E1861A}.Debug|x64.ActiveCfg = Debug|x64
		{5B8464DD-FA7C-4D72-B585-F5A385E1861A}.Debug|x64.Build.0 = Debug|x64
		{5B8464DD-FA7C-4D72-B585-F5A385E1861A}.Debug|x86.ActiveCfg = Debug|Win32
		{5B8464DD-FA7C-4D72-B585-F5A385E1861A}.Debug|x86.Build.0 = Debug|Win32
		{5B8464DD-FA7C-4D72-B585-F5A385E1861A}.Release|x64.ActiveCfg = Release|x64
		{5B8464DD-FA7C-4D72-B585-F5A385E1861A}.Release|x64.Build.0 = Release|x64
		{5B8464DD-FA7C-4D72-B585-F5A385E1861A}.Release|x86.ActiveCfg = Release|Win32
		{5B8464DD-FA7C-4D72-B585-F5A385E1861A}.Release|x86.Build.0 = Release|Win32
		{4D30F2D5-67F1-4072-8B9C-7649B07EBB28}.Debug|x64.ActiveCfg = Debug|x64
		{4D30F2D5-67F1-4072-8B9C-7649B07EBB28}.Debug|x64.Build.0 = Debug|x64
		{4D30F2D5-67F1-4072-8B9C-7649B07EBB28}.Debug|x86.ActiveCfg = Debug|Win32
		{4D30F2D5-67F1-4072-8B9C-7649B07EBB28}.Debug|x86.Build.0 = Debug|Win32
		{4D30F2D5-67F1-4072-8B9C-7649B07EBB28}.Release|x64.ActiveCfg = Release|x64
		{4D30F2D5-67F1-4072-8B9C-7649B07EBB28}.Release|x64.Build.0 = Release|x64
		{4D30F2D5-67F1-4072-8B9C-7649B07EBB28}.Release|x86.ActiveCfg = Release|Win32
		{4D30F2D5-67F1-4072-8B9C-7649B07EBB28}.Release|x86.Build.0 = Release|Win32
		{8EA1DD9E-93A2-4610-978A-9587415BE1AD}.Debug|x64.ActiveCfg = Debug|x64
		{8EA1DD9E-93A2-4610-978A-9587415BE1AD}.Debug|x64.Build.0 = Debug|x64
		{8EA1DD9E-93A2-4610-978A-9587415BE1AD}.Debug|x86.ActiveCfg = Debug|Win32
		{8EA1DD9E-93A2-4610-978A-9587415BE1AD}.Debug|x86.Build.0 = Debug|Win32
		{8EA1DD9E-93A2-4610-978A-9587415BE1AD}.Release|x64.ActiveCfg = Release|x64
		{8EA1DD9E-93A2-4610-978A-9587415BE1AD}.Release|x64.Build.0 = Release|x64
		{8EA1DD9E-93A2-4610-978A-9587415BE1AD}.Release|x86.ActiveCfg = Release|Win32
		{8EA1DD9E-93A2-4610-978A-9587415BE1AD}.Release|x86.Build.0 = Release|Win32
		{6BD286F1-1AA4-49D1-ABC4-65318A81F39E}.Debug|x64.ActiveCfg = Debug|x64
		{6BD286F1-1AA4-49D1-ABC4-65318A81F39E}.Debug|x64.Build.0 = Debug|x64
		{6BD286F1-1AA4-49D1-ABC4-65318A81F39E}.Debug|x86.ActiveCfg = Debug|Win32
		{6BD286F1-1AA4-49D1-ABC4-65318A81F39E}.Debug|x86.Build.0 = Debug|Win32
		{6BD286F1-1AA4-49D1-ABC4-65318A81F39E}.Release|x64.ActiveCfg = Release|x64
		{6BD286F1-1AA4-49D1-ABC4-65318A81F39E}.Release|x64.Build.0 = Release|x64
		{6BD286F1-1AA4-49D1-ABC4-65318A81F39E}.Release|x86.ActiveCfg = Release|Win32
		{6BD286F1-1AA4-49D1-ABC4-65318A81F39E}.Release|x86.Build.0 = Release|Win32
		{2D192ED1-0F83-4491-81D9-F8A4F687EE69}.Debug|x64.ActiveCfg = Debug|x64
		{2D192ED1-0F83-4491-81D9-F8A4F687EE69}.Debug|x64.Build.0 = Debug|x64
		{2D192ED1-0F83-4491-81D9-F8A4F687EE69}.Debug|x86.ActiveCfg = Debug|Win32
		{2D192ED1-0F83-4491-81D9-F8A4F687EE69}.Debug|x86.Build.0 = Debug|Win32
		{2D192ED1-0F83-4491-81D9-F8A4F687EE69}.Release|x64.ActiveCfg = Release|x64
		{2D192ED1-0F83-4491-81D9-F8A4F687EE69}.Release|x64.Build.0 = Release|x64
		{2D192ED1-0F83-4491-81D9-F8A4F687EE69}.Release|x86.ActiveCfg = Release|Win32
		{2D192ED1-0F83-4491-81D9-F8A4F687EE69}.Release|x86.Build.0 = Release|Win32
		{93A5C6AE-57B8-4CBC-B154-CE5F4C2D2218}.Debug|x64.ActiveCfg = Debug|x64
		{93A5C6AE-57B8-4CBC-B154-CE5F4C2D2218}.Debug|x64.Build.0 = Debug|x64
		{93A5C6AE-57B8-4CBC-B154-CE5F4C2D2218}.Debug|x86.ActiveCfg = Debug|Win32
		{93A5C6AE-57B8-4CBC-B154-CE5F4C2D2218}.Debug|x86.Build.0 = Debug|Win32
		{93A5C6AE-57B8-4CBC-B154-CE5F4C2D2218}.Release|x64.ActiveCfg = Release|x64
		{93A5C6AE-57B8-4CBC-B154-CE5F4C2D2218}.Release|x64.Build.0 = Release|x64
		{93A5C6AE-57B8-4CBC-B154-CE5F4C2D2218}.Release|x86.ActiveCfg = Release|Win32
		{93A5C6AE-57B8-4CBC-B154-CE5F4C2D2218}.Release|x86.Build.0 = Release|Win32
		{D121DB06-829C-497E-BF5E-02AA627F187A}.Debug|x64.ActiveCfg = Debug|x64
		{D121DB06-829C-497E-BF5E-02AA627F187A}.Debug|x64.Build.0 = Debug|x64
		{D121DB06-829C-497E-BF5E-02AA627F187A}.Debug|x86.ActiveCfg = Debug|Win32
		{D121DB06-829C-497E-BF5E-02AA627F187A}.Debug|x86.Build.0 = Debug|Win32
		{D121DB06-829C-497E-BF5E-02AA627F187A}.Release|x64.ActiveCfg = Release|x64
		{D121DB06-829C-497E-BF5E-02AA627F187A}.Release|x64.Build.0 = Release|x64
		{D121DB06-829C-497E-BF5E-02AA627F187A}.Release|x86.ActiveCfg = Release|Win32
		{D121DB06-829C-497E-BF5E-02AA627F187A}.Release|x86.Build.0 = Release|Win32
		{F85231DA-EEC6-429E-B1A1-88EE77693EF5}.Debug|x64.ActiveCfg = Debug|x64
		{F85231DA-EEC6-429E-B1A1-88EE77693EF5}.Debug|x64.Build.0 = Debug|x64
		{F85231DA-EEC6-429E-B1A1-88EE77693EF5}.Debug|x86.ActiveCfg = Debug|Win32
		{F85231DA-EEC6-429E-B1A1-88EE77693EF5}.Debug|x86.Build.0 = Debug|Win32
		{F85231DA-EEC6-429E-B1A1-88EE77693EF5}.Release|x64.ActiveCfg = Release|x64
		{F85231DA-EEC6-429E-B1A1-88EE77693EF5}.Release|x64.Build.0 = Release|x64
		{F85231DA-EEC6-429E-B1A1-88EE77693EF5}.Release|x86.ActiveCfg = Release|Win32
		{F85231DA-EEC6-429E-B1A1-88EE77693EF5}.Release|x86.Build.0 = Release|Win32
	EndGlobalSection
	GlobalSection(SolutionProperties) = preSolution
		HideSolutionNode = FALSE
	EndGlobalSection
	GlobalSection(ExtensibilityGlobals) = postSolution
		SolutionGuid = {A820A4C5-5217-40DF-8614-92AA9B764AA7}
	EndGlobalSection
EndGlobal
